github.com/veerakumarak/go_logger_core v0.0.0-20230415090521-cd48ad8a9d02 h1:u1uJ5khBZKnZP1883rB4rfpEJ/Npp7YfeIJ+UJMOenU=
github.com/veerakumarak/go_logger_core v0.0.0-20230415090521-cd48ad8a9d02/go.mod h1:4jpAX79F/nCdVukIiRFHZdC4F02kTxRusEONEOgXyGQ=
github.com/veerakumarak/go_logger_core v0.1.0 h1:VsCnru1yf0L01cjxXP8TnU/AB3ZthdQLiZUXKHdFLbo=
github.com/veerakumarak/go_logger_core v0.1.0/go.mod h1:4jpAX79F/nCdVukIiRFHZdC4F02kTxRusEONEOgXyGQ=
